{
  "name": "starter-app-blog",
  "version": "1.0.0",
  "lockfileVersion": 3,
  "requires": true,
  "packages": {
    "": {
      "name": "starter-app-blog",
      "version": "1.0.0",
      "license": "ISC",
      "dependencies": {
        "marked": "^15.0.10"
      }
    },
    "node_modules/marked": {
      "version": "15.0.10",
      "resolved": "https://registry.npmjs.org/marked/-/marked-15.0.10.tgz",
      "integrity": "sha512-BXzsfFiR2UqXFKRwpugWuCYi9mWd1aX/Yns/X52xWfvfen9lnGEDbJw9ZEjjvLZVqntqT2gX45eYvqb2dIokDw==",
      "license": "MIT",
      "bin": {
        "marked": "bin/marked.js"
      },
      "engines": {
        "node": ">= 18"
      }
    }
  }
}
